{
  "name": "lolbot",
  "version": "1.0.0",
  "lockfileVersion": 2,
  "requires": true,
  "packages": {
    "": {
      "name": "lolbot",
      "version": "1.0.0",
      "license": "ISC",
      "dependencies": {
        "discord.js": "^12.5.3",
        "isomorphic-unfetch": "^3.1.0",
        "redis": "^3.0.1"
      }
    },
    "node_modules/@discordjs/collection": {
      "version": "0.1.6",
      "resolved": "https://artifactory.int.liveperson.net:443/artifactory/api/npm/lp-npm-virtual/@discordjs/collection/-/collection-0.1.6.tgz",
      "integrity": "sha1-npp2N/Tk4GiP2LK1xjEzyRYHaCw=",
      "license": "Apache-2.0"
    },
    "node_modules/@discordjs/form-data": {
      "version": "3.0.1",
      "resolved": "https://artifactory.int.liveperson.net:443/artifactory/api/npm/lp-npm-virtual/@discordjs/form-data/-/form-data-3.0.1.tgz",
      "integrity": "sha1-XJ5r6ZLi5X0N+g45l5qFAiX7Rpc=",
      "license": "MIT",
      "dependencies": {
        "asynckit": "^0.4.0",
        "combined-stream": "^1.0.8",
        "mime-types": "^2.1.12"
      },
      "engines": {
        "node": ">= 6"
      }
    },
    "node_modules/abort-controller": {
      "version": "3.0.0",
      "resolved": "https://artifactory.int.liveperson.net:443/artifactory/api/npm/lp-npm-virtual/abort-controller/-/abort-controller-3.0.0.tgz",
      "integrity": "sha1-6vVNU7YrrkE46AnKIlyEOabvs5I=",
      "license": "MIT",
      "dependencies": {
        "event-target-shim": "^5.0.0"
      },
      "engines": {
        "node": ">=6.5"
      }
    },
    "node_modules/asynckit": {
      "version": "0.4.0",
      "resolved": "https://artifactory.int.liveperson.net:443/artifactory/api/npm/lp-npm-virtual/asynckit/-/asynckit-0.4.0.tgz",
      "integrity": "sha1-x57Zf380y48robyXkLzDZkdLS3k=",
      "license": "MIT"
    },
    "node_modules/combined-stream": {
      "version": "1.0.8",
      "resolved": "https://artifactory.int.liveperson.net:443/artifactory/api/npm/lp-npm-virtual/combined-stream/-/combined-stream-1.0.8.tgz",
      "integrity": "sha1-w9RaizT9cwYxoRCoolIGgrMdWn8=",
      "license": "MIT",
      "dependencies": {
        "delayed-stream": "~1.0.0"
      },
      "engines": {
        "node": ">= 0.8"
      }
    },
    "node_modules/delayed-stream": {
      "version": "1.0.0",
      "resolved": "https://artifactory.int.liveperson.net:443/artifactory/api/npm/lp-npm-virtual/delayed-stream/-/delayed-stream-1.0.0.tgz",
      "integrity": "sha1-3zrhmayt+31ECqrgsp4icrJOxhk=",
      "license": "MIT",
      "engines": {
        "node": ">=0.4.0"
      }
    },
    "node_modules/denque": {
      "version": "1.5.1",
      "resolved": "https://artifactory.int.liveperson.net:443/artifactory/api/npm/lp-npm-virtual/denque/-/denque-1.5.1.tgz",
      "integrity": "sha1-B/Zw4pyaePj67LJWah4sEZKcXL8=",
      "license": "Apache-2.0",
      "engines": {
        "node": ">=0.10"
      }
    },
    "node_modules/discord.js": {
      "version": "12.5.3",
      "resolved": "https://artifactory.int.liveperson.net:443/artifactory/api/npm/lp-npm-virtual/discord.js/-/discord.js-12.5.3.tgz",
      "integrity": "sha1-VoINRzwkMghx356gu8a0YvIc+Fw=",
      "deprecated": "no longer supported",
      "license": "Apache-2.0",
      "dependencies": {
        "@discordjs/collection": "^0.1.6",
        "@discordjs/form-data": "^3.0.1",
        "abort-controller": "^3.0.0",
        "node-fetch": "^2.6.1",
        "prism-media": "^1.2.9",
        "setimmediate": "^1.0.5",
        "tweetnacl": "^1.0.3",
        "ws": "^7.4.4"
      },
      "engines": {
        "node": ">=12.0.0"
      }
    },
    "node_modules/discord.js/node_modules/node-fetch": {
      "version": "2.6.6",
      "resolved": "https://artifactory.int.liveperson.net:443/artifactory/api/npm/lp-npm-virtual/node-fetch/-/node-fetch-2.6.6.tgz",
      "integrity": "sha1-F1GnwBg06OFpd1hzLp77burfr4k=",
      "license": "MIT",
      "dependencies": {
        "whatwg-url": "^5.0.0"
      },
      "engines": {
        "node": "4.x || >=6.0.0"
      }
    },
    "node_modules/event-target-shim": {
      "version": "5.0.1",
      "resolved": "https://artifactory.int.liveperson.net:443/artifactory/api/npm/lp-npm-virtual/event-target-shim/-/event-target-shim-5.0.1.tgz",
      "integrity": "sha1-XU0+vflYPWOlMzzi3rdICrKwV4k=",
      "license": "MIT",
      "engines": {
        "node": ">=6"
      }
    },
    "node_modules/isomorphic-unfetch": {
      "version": "3.1.0",
      "resolved": "https://artifactory.int.liveperson.net:443/artifactory/api/npm/lp-npm-virtual/isomorphic-unfetch/-/isomorphic-unfetch-3.1.0.tgz",
      "integrity": "sha1-hzQdX097Y4Q9RoQ4Eoywh7fD6Y8=",
      "license": "MIT",
      "dependencies": {
        "node-fetch": "^2.6.1",
        "unfetch": "^4.2.0"
      }
    },
    "node_modules/isomorphic-unfetch/node_modules/node-fetch": {
      "version": "2.6.6",
      "resolved": "https://artifactory.int.liveperson.net:443/artifactory/api/npm/lp-npm-virtual/node-fetch/-/node-fetch-2.6.6.tgz",
      "integrity": "sha1-F1GnwBg06OFpd1hzLp77burfr4k=",
      "license": "MIT",
      "dependencies": {
        "whatwg-url": "^5.0.0"
      },
      "engines": {
        "node": "4.x || >=6.0.0"
      }
    },
    "node_modules/mime-db": {
      "version": "1.51.0",
      "resolved": "https://artifactory.int.liveperson.net:443/artifactory/api/npm/lp-npm-virtual/mime-db/-/mime-db-1.51.0.tgz",
      "integrity": "sha1-2f9iRRhZsYNC2WCFDcPPt35j+ww=",
      "license": "MIT",
      "engines": {
        "node": ">= 0.6"
      }
    },
    "node_modules/mime-types": {
      "version": "2.1.34",
      "resolved": "https://artifactory.int.liveperson.net:443/artifactory/api/npm/lp-npm-virtual/mime-types/-/mime-types-2.1.34.tgz",
      "integrity": "sha1-WnEvnsFQNRGpRYA2QPr+CdN5PCQ=",
      "license": "MIT",
      "dependencies": {
        "mime-db": "1.51.0"
      },
      "engines": {
        "node": ">= 0.6"
      }
    },
    "node_modules/prism-media": {
      "version": "1.3.2",
      "resolved": "https://artifactory.int.liveperson.net:443/artifactory/api/npm/lp-npm-virtual/prism-media/-/prism-media-1.3.2.tgz",
      "integrity": "sha1-ofBEI+wV0i89YrGYe2ol3Emq0Ts=",
      "license": "Apache-2.0",
      "peerDependencies": {
        "@discordjs/opus": "^0.5.0",
        "ffmpeg-static": "^4.2.7 || ^3.0.0 || ^2.4.0",
        "node-opus": "^0.3.3",
        "opusscript": "^0.0.8"
      },
      "peerDependenciesMeta": {
        "@discordjs/opus": {
          "optional": true
        },
        "ffmpeg-static": {
          "optional": true
        },
        "node-opus": {
          "optional": true
        },
        "opusscript": {
          "optional": true
        }
      }
    },
    "node_modules/redis": {
      "version": "3.1.2",
      "resolved": "https://artifactory.int.liveperson.net:443/artifactory/api/npm/lp-npm-virtual/redis/-/redis-3.1.2.tgz",
      "integrity": "sha1-dmhREX6AZT0j4O1TYlRnerZHY4w=",
      "license": "MIT",
      "dependencies": {
        "denque": "^1.5.0",
        "redis-commands": "^1.7.0",
        "redis-errors": "^1.2.0",
        "redis-parser": "^3.0.0"
      },
      "engines": {
        "node": ">=10"
      },
      "funding": {
        "type": "opencollective",
        "url": "https://opencollective.com/node-redis"
      }
    },
    "node_modules/redis-commands": {
      "version": "1.7.0",
      "resolved": "https://artifactory.int.liveperson.net:443/artifactory/api/npm/lp-npm-virtual/redis-commands/-/redis-commands-1.7.0.tgz",
      "integrity": "sha1-Fab+otWCgeJ7HNGs+0spPieMOok=",
      "license": "MIT"
    },
    "node_modules/redis-errors": {
      "version": "1.2.0",
      "resolved": "https://artifactory.int.liveperson.net:443/artifactory/api/npm/lp-npm-virtual/redis-errors/-/redis-errors-1.2.0.tgz",
      "integrity": "sha1-62LSrbFeTq9GEMBK/hUpOEJQq60=",
      "license": "MIT",
      "engines": {
        "node": ">=4"
      }
    },
    "node_modules/redis-parser": {
      "version": "3.0.0",
      "resolved": "https://artifactory.int.liveperson.net:443/artifactory/api/npm/lp-npm-virtual/redis-parser/-/redis-parser-3.0.0.tgz",
      "integrity": "sha1-tm2CjNyv5rS4pCin3vTGvKwxyLQ=",
      "license": "MIT",
      "dependencies": {
        "redis-errors": "^1.0.0"
      },
      "engines": {
        "node": ">=4"
      }
    },
    "node_modules/setimmediate": {
      "version": "1.0.5",
      "resolved": "https://artifactory.int.liveperson.net:443/artifactory/api/npm/lp-npm-virtual/setimmediate/-/setimmediate-1.0.5.tgz",
      "integrity": "sha1-KQy7Iy4waULX1+qbg3Mqt4VvgoU=",
      "license": "MIT"
    },
    "node_modules/tr46": {
      "version": "0.0.3",
      "resolved": "https://artifactory.int.liveperson.net:443/artifactory/api/npm/lp-npm-virtual/tr46/-/tr46-0.0.3.tgz",
      "integrity": "sha1-gYT9NH2snNwYWZLzpmIuFLnZq2o=",
      "license": "MIT"
    },
    "node_modules/tweetnacl": {
      "version": "1.0.3",
      "resolved": "https://artifactory.int.liveperson.net:443/artifactory/api/npm/lp-npm-virtual/tweetnacl/-/tweetnacl-1.0.3.tgz",
      "integrity": "sha1-rAr3FoBFjYpjeNDQ0FCrFAfTVZY=",
      "license": "Unlicense"
    },
    "node_modules/unfetch": {
      "version": "4.2.0",
      "resolved": "https://artifactory.int.liveperson.net:443/artifactory/api/npm/lp-npm-virtual/unfetch/-/unfetch-4.2.0.tgz",
      "integrity": "sha1-fiGw7302PY2a8PuSmlVV9u+Xo74=",
      "license": "MIT"
    },
    "node_modules/webidl-conversions": {
      "version": "3.0.1",
      "resolved": "https://artifactory.int.liveperson.net:443/artifactory/api/npm/lp-npm-virtual/webidl-conversions/-/webidl-conversions-3.0.1.tgz",
      "integrity": "sha1-JFNCdeKnvGvnvIZhHMFq4KVlSHE=",
      "license": "BSD-2-Clause"
    },
    "node_modules/whatwg-url": {
      "version": "5.0.0",
      "resolved": "https://artifactory.int.liveperson.net:443/artifactory/api/npm/lp-npm-virtual/whatwg-url/-/whatwg-url-5.0.0.tgz",
      "integrity": "sha1-lmRU6HZUYuN2RNNib2dCzotwll0=",
      "license": "MIT",
      "dependencies": {
        "tr46": "~0.0.3",
        "webidl-conversions": "^3.0.0"
      }
    },
    "node_modules/ws": {
      "version": "7.5.6",
      "resolved": "https://artifactory.int.liveperson.net:443/artifactory/api/npm/lp-npm-virtual/ws/-/ws-7.5.6.tgz",
      "integrity": "sha1-5Z/FCfsV3ftlSH7pdlxaUd7F/ns=",
      "license": "MIT",
      "engines": {
        "node": ">=8.3.0"
      },
      "peerDependencies": {
        "bufferutil": "^4.0.1",
        "utf-8-validate": "^5.0.2"
      },
      "peerDependenciesMeta": {
        "bufferutil": {
          "optional": true
        },
        "utf-8-validate": {
          "optional": true
        }
      }
    }
  },
  "dependencies": {
    "@discordjs/collection": {
      "version": "0.1.6",
      "resolved": "https://artifactory.int.liveperson.net:443/artifactory/api/npm/lp-npm-virtual/@discordjs/collection/-/collection-0.1.6.tgz",
      "integrity": "sha1-npp2N/Tk4GiP2LK1xjEzyRYHaCw="
    },
    "@discordjs/form-data": {
      "version": "3.0.1",
      "resolved": "https://artifactory.int.liveperson.net:443/artifactory/api/npm/lp-npm-virtual/@discordjs/form-data/-/form-data-3.0.1.tgz",
      "integrity": "sha1-XJ5r6ZLi5X0N+g45l5qFAiX7Rpc=",
      "requires": {
        "asynckit": "^0.4.0",
        "combined-stream": "^1.0.8",
        "mime-types": "^2.1.12"
      }
    },
    "abort-controller": {
      "version": "3.0.0",
      "resolved": "https://artifactory.int.liveperson.net:443/artifactory/api/npm/lp-npm-virtual/abort-controller/-/abort-controller-3.0.0.tgz",
      "integrity": "sha1-6vVNU7YrrkE46AnKIlyEOabvs5I=",
      "requires": {
        "event-target-shim": "^5.0.0"
      }
    },
    "asynckit": {
      "version": "0.4.0",
      "resolved": "https://artifactory.int.liveperson.net:443/artifactory/api/npm/lp-npm-virtual/asynckit/-/asynckit-0.4.0.tgz",
      "integrity": "sha1-x57Zf380y48robyXkLzDZkdLS3k="
    },
    "combined-stream": {
      "version": "1.0.8",
      "resolved": "https://artifactory.int.liveperson.net:443/artifactory/api/npm/lp-npm-virtual/combined-stream/-/combined-stream-1.0.8.tgz",
      "integrity": "sha1-w9RaizT9cwYxoRCoolIGgrMdWn8=",
      "requires": {
        "delayed-stream": "~1.0.0"
      }
    },
    "delayed-stream": {
      "version": "1.0.0",
      "resolved": "https://artifactory.int.liveperson.net:443/artifactory/api/npm/lp-npm-virtual/delayed-stream/-/delayed-stream-1.0.0.tgz",
      "integrity": "sha1-3zrhmayt+31ECqrgsp4icrJOxhk="
    },
    "denque": {
      "version": "1.5.1",
      "resolved": "https://artifactory.int.liveperson.net:443/artifactory/api/npm/lp-npm-virtual/denque/-/denque-1.5.1.tgz",
      "integrity": "sha1-B/Zw4pyaePj67LJWah4sEZKcXL8="
    },
    "discord.js": {
      "version": "12.5.3",
      "resolved": "https://artifactory.int.liveperson.net:443/artifactory/api/npm/lp-npm-virtual/discord.js/-/discord.js-12.5.3.tgz",
      "integrity": "sha1-VoINRzwkMghx356gu8a0YvIc+Fw=",
      "requires": {
        "@discordjs/collection": "^0.1.6",
        "@discordjs/form-data": "^3.0.1",
        "abort-controller": "^3.0.0",
        "node-fetch": "^2.6.1",
        "prism-media": "^1.2.9",
        "setimmediate": "^1.0.5",
        "tweetnacl": "^1.0.3",
        "ws": "^7.4.4"
      },
      "dependencies": {
        "node-fetch": {
          "version": "2.6.6",
          "resolved": "https://artifactory.int.liveperson.net:443/artifactory/api/npm/lp-npm-virtual/node-fetch/-/node-fetch-2.6.6.tgz",
          "integrity": "sha1-F1GnwBg06OFpd1hzLp77burfr4k=",
          "requires": {
            "whatwg-url": "^5.0.0"
          }
        }
      }
    },
    "event-target-shim": {
      "version": "5.0.1",
      "resolved": "https://artifactory.int.liveperson.net:443/artifactory/api/npm/lp-npm-virtual/event-target-shim/-/event-target-shim-5.0.1.tgz",
      "integrity": "sha1-XU0+vflYPWOlMzzi3rdICrKwV4k="
    },
    "isomorphic-unfetch": {
      "version": "3.1.0",
      "resolved": "https://artifactory.int.liveperson.net:443/artifactory/api/npm/lp-npm-virtual/isomorphic-unfetch/-/isomorphic-unfetch-3.1.0.tgz",
      "integrity": "sha1-hzQdX097Y4Q9RoQ4Eoywh7fD6Y8=",
      "requires": {
        "node-fetch": "^2.6.1",
        "unfetch": "^4.2.0"
      },
      "dependencies": {
        "node-fetch": {
          "version": "2.6.6",
          "resolved": "https://artifactory.int.liveperson.net:443/artifactory/api/npm/lp-npm-virtual/node-fetch/-/node-fetch-2.6.6.tgz",
          "integrity": "sha1-F1GnwBg06OFpd1hzLp77burfr4k=",
          "requires": {
            "whatwg-url": "^5.0.0"
          }
        }
      }
    },
    "mime-db": {
      "version": "1.51.0",
      "resolved": "https://artifactory.int.liveperson.net:443/artifactory/api/npm/lp-npm-virtual/mime-db/-/mime-db-1.51.0.tgz",
      "integrity": "sha1-2f9iRRhZsYNC2WCFDcPPt35j+ww="
    },
    "mime-types": {
      "version": "2.1.34",
      "resolved": "https://artifactory.int.liveperson.net:443/artifactory/api/npm/lp-npm-virtual/mime-types/-/mime-types-2.1.34.tgz",
      "integrity": "sha1-WnEvnsFQNRGpRYA2QPr+CdN5PCQ=",
      "requires": {
        "mime-db": "1.51.0"
      }
    },
    "prism-media": {
      "version": "1.3.2",
      "resolved": "https://artifactory.int.liveperson.net:443/artifactory/api/npm/lp-npm-virtual/prism-media/-/prism-media-1.3.2.tgz",
      "integrity": "sha1-ofBEI+wV0i89YrGYe2ol3Emq0Ts=",
      "requires": {}
    },
    "redis": {
      "version": "3.1.2",
      "resolved": "https://artifactory.int.liveperson.net:443/artifactory/api/npm/lp-npm-virtual/redis/-/redis-3.1.2.tgz",
      "integrity": "sha1-dmhREX6AZT0j4O1TYlRnerZHY4w=",
      "requires": {
        "denque": "^1.5.0",
        "redis-commands": "^1.7.0",
        "redis-errors": "^1.2.0",
        "redis-parser": "^3.0.0"
      }
    },
    "redis-commands": {
      "version": "1.7.0",
      "resolved": "https://artifactory.int.liveperson.net:443/artifactory/api/npm/lp-npm-virtual/redis-commands/-/redis-commands-1.7.0.tgz",
      "integrity": "sha1-Fab+otWCgeJ7HNGs+0spPieMOok="
    },
    "redis-errors": {
      "version": "1.2.0",
      "resolved": "https://artifactory.int.liveperson.net:443/artifactory/api/npm/lp-npm-virtual/redis-errors/-/redis-errors-1.2.0.tgz",
      "integrity": "sha1-62LSrbFeTq9GEMBK/hUpOEJQq60="
    },
    "redis-parser": {
      "version": "3.0.0",
      "resolved": "https://artifactory.int.liveperson.net:443/artifactory/api/npm/lp-npm-virtual/redis-parser/-/redis-parser-3.0.0.tgz",
      "integrity": "sha1-tm2CjNyv5rS4pCin3vTGvKwxyLQ=",
      "requires": {
        "redis-errors": "^1.0.0"
      }
    },
    "setimmediate": {
      "version": "1.0.5",
      "resolved": "https://artifactory.int.liveperson.net:443/artifactory/api/npm/lp-npm-virtual/setimmediate/-/setimmediate-1.0.5.tgz",
      "integrity": "sha1-KQy7Iy4waULX1+qbg3Mqt4VvgoU="
    },
    "tr46": {
      "version": "0.0.3",
      "resolved": "https://artifactory.int.liveperson.net:443/artifactory/api/npm/lp-npm-virtual/tr46/-/tr46-0.0.3.tgz",
      "integrity": "sha1-gYT9NH2snNwYWZLzpmIuFLnZq2o="
    },
    "tweetnacl": {
      "version": "1.0.3",
      "resolved": "https://artifactory.int.liveperson.net:443/artifactory/api/npm/lp-npm-virtual/tweetnacl/-/tweetnacl-1.0.3.tgz",
      "integrity": "sha1-rAr3FoBFjYpjeNDQ0FCrFAfTVZY="
    },
    "unfetch": {
      "version": "4.2.0",
      "resolved": "https://artifactory.int.liveperson.net:443/artifactory/api/npm/lp-npm-virtual/unfetch/-/unfetch-4.2.0.tgz",
      "integrity": "sha1-fiGw7302PY2a8PuSmlVV9u+Xo74="
    },
    "webidl-conversions": {
      "version": "3.0.1",
      "resolved": "https://artifactory.int.liveperson.net:443/artifactory/api/npm/lp-npm-virtual/webidl-conversions/-/webidl-conversions-3.0.1.tgz",
      "integrity": "sha1-JFNCdeKnvGvnvIZhHMFq4KVlSHE="
    },
    "whatwg-url": {
      "version": "5.0.0",
      "resolved": "https://artifactory.int.liveperson.net:443/artifactory/api/npm/lp-npm-virtual/whatwg-url/-/whatwg-url-5.0.0.tgz",
      "integrity": "sha1-lmRU6HZUYuN2RNNib2dCzotwll0=",
      "requires": {
        "tr46": "~0.0.3",
        "webidl-conversions": "^3.0.0"
      }
    },
    "ws": {
      "version": "7.5.6",
      "resolved": "https://artifactory.int.liveperson.net:443/artifactory/api/npm/lp-npm-virtual/ws/-/ws-7.5.6.tgz",
      "integrity": "sha1-5Z/FCfsV3ftlSH7pdlxaUd7F/ns=",
      "requires": {}
    }
  }
}
